// !$*UTF8*$!
{
	archiveVersion = 1;
	classes = {
	};
	objectVersion = 48;
	objects = {

/* Begin PBXBuildFile section */
		8E8C8D161F69ADB700B1CFA1 /* AppDelegate.swift in Sources */ = {isa = PBXBuildFile; fileRef = 8E8C8D151F69ADB700B1CFA1 /* AppDelegate.swift */; };
		8E8C8D181F69ADB700B1CFA1 /* art.scnassets in Resources */ = {isa = PBXBuildFile; fileRef = 8E8C8D171F69ADB700B1CFA1 /* art.scnassets */; };
		8E8C8D1A1F69ADB700B1CFA1 /* ViewController.swift in Sources */ = {isa = PBXBuildFile; fileRef = 8E8C8D191F69ADB700B1CFA1 /* ViewController.swift */; };
		8E8C8D1D1F69ADB700B1CFA1 /* Main.storyboard in Resources */ = {isa = PBXBuildFile; fileRef = 8E8C8D1B1F69ADB700B1CFA1 /* Main.storyboard */; };
		8E8C8D1F1F69ADB700B1CFA1 /* Assets.xcassets in Resources */ = {isa = PBXBuildFile; fileRef = 8E8C8D1E1F69ADB700B1CFA1 /* Assets.xcassets */; };
		8E8C8D221F69ADB700B1CFA1 /* LaunchScreen.storyboard in Resources */ = {isa = PBXBuildFile; fileRef = 8E8C8D201F69ADB700B1CFA1 /* LaunchScreen.storyboard */; };
		8EC80A141F6C6F7E0001DDEB /* Beacon.swift in Sources */ = {isa = PBXBuildFile; fileRef = 8EC80A131F6C6F7E0001DDEB /* Beacon.swift */; };
		8EC80A161F6C71000001DDEB /* Extensions.swift in Sources */ = {isa = PBXBuildFile; fileRef = 8EC80A151F6C71000001DDEB /* Extensions.swift */; };
/* End PBXBuildFile section */

/* Begin PBXFileReference section */
		8E8C8D121F69ADB700B1CFA1 /* ARTest.app */ = {isa = PBXFileReference; explicitFileType = wrapper.application; includeInIndex = 0; path = ARTest.app; sourceTree = BUILT_PRODUCTS_DIR; };
		8E8C8D151F69ADB700B1CFA1 /* AppDelegate.swift */ = {isa = PBXFileReference; lastKnownFileType = sourcecode.swift; path = AppDelegate.swift; sourceTree = "<group>"; };
		8E8C8D171F69ADB700B1CFA1 /* art.scnassets */ = {isa = PBXFileReference; lastKnownFileType = wrapper.scnassets; path = art.scnassets; sourceTree = "<group>"; };
		8E8C8D191F69ADB700B1CFA1 /* ViewController.swift */ = {isa = PBXFileReference; lastKnownFileType = sourcecode.swift; path = ViewController.swift; sourceTree = "<group>"; };
		8E8C8D1C1F69ADB700B1CFA1 /* Base */ = {isa = PBXFileReference; lastKnownFileType = file.storyboard; name = Base; path = Base.lproj/Main.storyboard; sourceTree = "<group>"; };
		8E8C8D1E1F69ADB700B1CFA1 /* Assets.xcassets */ = {isa = PBXFileReference; lastKnownFileType = folder.assetcatalog; path = Assets.xcassets; sourceTree = "<group>"; };
		8E8C8D211F69ADB700B1CFA1 /* Base */ = {isa = PBXFileReference; lastKnownFileType = file.storyboard; name = Base; path = Base.lproj/LaunchScreen.storyboard; sourceTree = "<group>"; };
		8E8C8D231F69ADB700B1CFA1 /* Info.plist */ = {isa = PBXFileReference; lastKnownFileType = text.plist.xml; path = Info.plist; sourceTree = "<group>"; };
		8EC80A131F6C6F7E0001DDEB /* Beacon.swift */ = {isa = PBXFileReference; lastKnownFileType = sourcecode.swift; path = Beacon.swift; sourceTree = "<group>"; };
		8EC80A151F6C71000001DDEB /* Extensions.swift */ = {isa = PBXFileReference; lastKnownFileType = sourcecode.swift; path = Extensions.swift; sourceTree = "<group>"; };
/* End PBXFileReference section */

/* Begin PBXFrameworksBuildPhase section */
		8E8C8D0F1F69ADB700B1CFA1 /* Frameworks */ = {
			isa = PBXFrameworksBuildPhase;
			buildActionMask = 2147483647;
			files = (
			);
			runOnlyForDeploymentPostprocessing = 0;
		};
/* End PBXFrameworksBuildPhase section */

/* Begin PBXGroup section */
		8E8C8D091F69ADB700B1CFA1 = {
			isa = PBXGroup;
			children = (
				8E8C8D141F69ADB700B1CFA1 /* ARTest */,
				8E8C8D131F69ADB700B1CFA1 /* Products */,
			);
			sourceTree = "<group>";
		};
		8E8C8D131F69ADB700B1CFA1 /* Products */ = {
			isa = PBXGroup;
			children = (
				8E8C8D121F69ADB700B1CFA1 /* ARTest.app */,
			);
			name = Products;
			sourceTree = "<group>";
		};
		8E8C8D141F69ADB700B1CFA1 /* ARTest */ = {
			isa = PBXGroup;
			children = (
				8E8C8D151F69ADB700B1CFA1 /* AppDelegate.swift */,
				8E8C8D231F69ADB700B1CFA1 /* Info.plist */,
				8EC80A0E1F6C6D6F0001DDEB /* models */,
				8EC80A0F1F6C6D880001DDEB /* views */,
				8EC80A101F6C6D940001DDEB /* controllers */,
				8EC80A121F6C6DAB0001DDEB /* resources */,
				8EC80A111F6C6DA30001DDEB /* helpers */,
			);
			path = ARTest;
			sourceTree = "<group>";
		};
		8EC80A0E1F6C6D6F0001DDEB /* models */ = {
			isa = PBXGroup;
			children = (
				8EC80A131F6C6F7E0001DDEB /* Beacon.swift */,
			);
			path = models;
			sourceTree = "<group>";
		};
		8EC80A0F1F6C6D880001DDEB /* views */ = {
			isa = PBXGroup;
			children = (
				8E8C8D1B1F69ADB700B1CFA1 /* Main.storyboard */,
				8E8C8D201F69ADB700B1CFA1 /* LaunchScreen.storyboard */,
			);
			path = views;
			sourceTree = "<group>";
		};
		8EC80A101F6C6D940001DDEB /* controllers */ = {
			isa = PBXGroup;
			children = (
				8E8C8D191F69ADB700B1CFA1 /* ViewController.swift */,
			);
			path = controllers;
			sourceTree = "<group>";
		};
		8EC80A111F6C6DA30001DDEB /* helpers */ = {
			isa = PBXGroup;
			children = (
				8EC80A151F6C71000001DDEB /* Extensions.swift */,
			);
			path = helpers;
			sourceTree = "<group>";
		};
		8EC80A121F6C6DAB0001DDEB /* resources */ = {
			isa = PBXGroup;
			children = (
				8E8C8D1E1F69ADB700B1CFA1 /* Assets.xcassets */,
				8E8C8D171F69ADB700B1CFA1 /* art.scnassets */,
			);
			path = resources;
			sourceTree = "<group>";
		};
/* End PBXGroup section */

/* Begin PBXNativeTarget section */
		8E8C8D111F69ADB700B1CFA1 /* ARTest */ = {
			isa = PBXNativeTarget;
			buildConfigurationList = 8E8C8D261F69ADB700B1CFA1 /* Build configuration list for PBXNativeTarget "ARTest" */;
			buildPhases = (
				8E8C8D0E1F69ADB700B1CFA1 /* Sources */,
				8E8C8D0F1F69ADB700B1CFA1 /* Frameworks */,
				8E8C8D101F69ADB700B1CFA1 /* Resources */,
			);
			buildRules = (
			);
			dependencies = (
			);
			name = ARTest;
			productName = ARTest;
			productReference = 8E8C8D121F69ADB700B1CFA1 /* ARTest.app */;
			productType = "com.apple.product-type.application";
		};
/* End PBXNativeTarget section */

/* Begin PBXProject section */
		8E8C8D0A1F69ADB700B1CFA1 /* Project object */ = {
			isa = PBXProject;
			attributes = {
				LastSwiftUpdateCheck = 0900;
				LastUpgradeCheck = 0900;
				ORGANIZATIONNAME = "Joshua Auriemma";
				TargetAttributes = {
					8E8C8D111F69ADB700B1CFA1 = {
						CreatedOnToolsVersion = 9.0;
						ProvisioningStyle = Automatic;
					};
				};
			};
			buildConfigurationList = 8E8C8D0D1F69ADB700B1CFA1 /* Build configuration list for PBXProject "ARTest" */;
			compatibilityVersion = "Xcode 8.0";
			developmentRegion = en;
			hasScannedForEncodings = 0;
			knownRegions = (
				en,
				Base,
			);
			mainGroup = 8E8C8D091F69ADB700B1CFA1;
			productRefGroup = 8E8C8D131F69ADB700B1CFA1 /* Products */;
			projectDirPath = "";
			projectRoot = "";
			targets = (
				8E8C8D111F69ADB700B1CFA1 /* ARTest */,
			);
		};
/* End PBXProject section */

/* Begin PBXResourcesBuildPhase section */
		8E8C8D101F69ADB700B1CFA1 /* Resources */ = {
			isa = PBXResourcesBuildPhase;
			buildActionMask = 2147483647;
			files = (
				8E8C8D181F69ADB700B1CFA1 /* art.scnassets in Resources */,
				8E8C8D221F69ADB700B1CFA1 /* LaunchScreen.storyboard in Resources */,
				8E8C8D1F1F69ADB700B1CFA1 /* Assets.xcassets in Resources */,
				8E8C8D1D1F69ADB700B1CFA1 /* Main.storyboard in Resources */,
			);
			runOnlyForDeploymentPostprocessing = 0;
		};
/* End PBXResourcesBuildPhase section */

/* Begin PBXSourcesBuildPhase section */
		8E8C8D0E1F69ADB700B1CFA1 /* Sources */ = {
			isa = PBXSourcesBuildPhase;
			buildActionMask = 2147483647;
			files = (
				8E8C8D1A1F69ADB700B1CFA1 /* ViewController.swift in Sources */,
				8E8C8D161F69ADB700B1CFA1 /* AppDelegate.swift in Sources */,
				8EC80A141F6C6F7E0001DDEB /* Beacon.swift in Sources */,
				8EC80A161F6C71000001DDEB /* Extensions.swift in Sources */,
			);
			runOnlyForDeploymentPostprocessing = 0;
		};
/* End PBXSourcesBuildPhase section */

/* Begin PBXVariantGroup section */
		8E8C8D1B1F69ADB700B1CFA1 /* Main.storyboard */ = {
			isa = PBXVariantGroup;
			children = (
				8E8C8D1C1F69ADB700B1CFA1 /* Base */,
			);
			name = Main.storyboard;
			sourceTree = "<group>";
		};
		8E8C8D201F69ADB700B1CFA1 /* LaunchScreen.storyboard */ = {
			isa = PBXVariantGroup;
			children = (
				8E8C8D211F69ADB700B1CFA1 /* Base */,
			);
			name = LaunchScreen.storyboard;
			sourceTree = "<group>";
		};
/* End PBXVariantGroup section */

/* Begin XCBuildConfiguration section */
		8E8C8D241F69ADB700B1CFA1 /* Debug */ = {
			isa = XCBuildConfiguration;
			buildSettings = {
				ALWAYS_SEARCH_USER_PATHS = NO;
				CLANG_ANALYZER_NONNULL = YES;
				CLANG_ANALYZER_NUMBER_OBJECT_CONVERSION = YES_AGGRESSIVE;
				CLANG_CXX_LANGUAGE_STANDARD = "gnu++14";
				CLANG_CXX_LIBRARY = "libc++";
				CLANG_ENABLE_MODULES = YES;
				CLANG_ENABLE_OBJC_ARC = YES;
				CLANG_WARN_BLOCK_CAPTURE_AUTORELEASING = YES;
				CLANG_WARN_BOOL_CONVERSION = YES;
				CLANG_WARN_COMMA = YES;
				CLANG_WARN_CONSTANT_CONVERSION = YES;
				CLANG_WARN_DIRECT_OBJC_ISA_USAGE = YES_ERROR;
				CLANG_WARN_DOCUMENTATION_COMMENTS = YES;
				CLANG_WARN_EMPTY_BODY = YES;
				CLANG_WARN_ENUM_CONVERSION = YES;
				CLANG_WARN_INFINITE_RECURSION = YES;
				CLANG_WARN_INT_CONVERSION = YES;
				CLANG_WARN_NON_LITERAL_NULL_CONVERSION = YES;
				CLANG_WARN_OBJC_LITERAL_CONVERSION = YES;
				CLANG_WARN_OBJC_ROOT_CLASS = YES_ERROR;
				CLANG_WARN_RANGE_LOOP_ANALYSIS = YES;
				CLANG_WARN_STRICT_PROTOTYPES = YES;
				CLANG_WARN_SUSPICIOUS_MOVE = YES;
				CLANG_WARN_UNGUARDED_AVAILABILITY = YES_AGGRESSIVE;
				CLANG_WARN_UNREACHABLE_CODE = YES;
				CLANG_WARN__DUPLICATE_METHOD_MATCH = YES;
				CODE_SIGN_IDENTITY = "iPhone Developer";
				COPY_PHASE_STRIP = NO;
				DEBUG_INFORMATION_FORMAT = dwarf;
				ENABLE_STRICT_OBJC_MSGSEND = YES;
				ENABLE_TESTABILITY = YES;
				GCC_C_LANGUAGE_STANDARD = gnu11;
				GCC_DYNAMIC_NO_PIC = NO;
				GCC_NO_COMMON_BLOCKS = YES;
				GCC_OPTIMIZATION_LEVEL = 0;
				GCC_PREPROCESSOR_DEFINITIONS = (
					"DEBUG=1",
					"$(inherited)",
				);
				GCC_WARN_64_TO_32_BIT_CONVERSION = YES;
				GCC_WARN_ABOUT_RETURN_TYPE = YES_ERROR;
				GCC_WARN_UNDECLARED_SELECTOR = YES;
				GCC_WARN_UNINITIALIZED_AUTOS = YES_AGGRESSIVE;
				GCC_WARN_UNUSED_FUNCTION = YES;
				GCC_WARN_UNUSED_VARIABLE = YES;
				IPHONEOS_DEPLOYMENT_TARGET = 11.0;
				MTL_ENABLE_DEBUG_INFO = YES;
				ONLY_ACTIVE_ARCH = YES;
				SDKROOT = iphoneos;
				SWIFT_ACTIVE_COMPILATION_CONDITIONS = DEBUG;
				SWIFT_OPTIMIZATION_LEVEL = "-Onone";
			};
			name = Debug;
		};
		8E8C8D251F69ADB700B1CFA1 /* Release */ = {
			isa = XCBuildConfiguration;
			buildSettings = {
				ALWAYS_SEARCH_USER_PATHS = NO;
				CLANG_ANALYZER_NONNULL = YES;
				CLANG_ANALYZER_NUMBER_OBJECT_CONVERSION = YES_AGGRESSIVE;
				CLANG_CXX_LANGUAGE_STANDARD = "gnu++14";
				CLANG_CXX_LIBRARY = "libc++";
				CLANG_ENABLE_MODULES = YES;
				CLANG_ENABLE_OBJC_ARC = YES;
				CLANG_WARN_BLOCK_CAPTURE_AUTORELEASING = YES;
				CLANG_WARN_BOOL_CONVERSION = YES;
				CLANG_WARN_COMMA = YES;
				CLANG_WARN_CONSTANT_CONVERSION = YES;
				CLANG_WARN_DIRECT_OBJC_ISA_USAGE = YES_ERROR;
				CLANG_WARN_DOCUMENTATION_COMMENTS = YES;
				CLANG_WARN_EMPTY_BODY = YES;
				CLANG_WARN_ENUM_CONVERSION = YES;
				CLANG_WARN_INFINITE_RECURSION = YES;
				CLANG_WARN_INT_CONVERSION = YES;
				CLANG_WARN_NON_LITERAL_NULL_CONVERSION = YES;
				CLANG_WARN_OBJC_LITERAL_CONVERSION = YES;
				CLANG_WARN_OBJC_ROOT_CLASS = YES_ERROR;
				CLANG_WARN_RANGE_LOOP_ANALYSIS = YES;
				CLANG_WARN_STRICT_PROTOTYPES = YES;
				CLANG_WARN_SUSPICIOUS_MOVE = YES;
				CLANG_WARN_UNGUARDED_AVAILABILITY = YES_AGGRESSIVE;
				CLANG_WARN_UNREACHABLE_CODE = YES;
				CLANG_WARN__DUPLICATE_METHOD_MATCH = YES;
				CODE_SIGN_IDENTITY = "iPhone Developer";
				COPY_PHASE_STRIP = NO;
				DEBUG_INFORMATION_FORMAT = "dwarf-with-dsym";
				ENABLE_NS_ASSERTIONS = NO;
				ENABLE_STRICT_OBJC_MSGSEND = YES;
				GCC_C_LANGUAGE_STANDARD = gnu11;
				GCC_NO_COMMON_BLOCKS = YES;
				GCC_WARN_64_TO_32_BIT_CONVERSION = YES;
				GCC_WARN_ABOUT_RETURN_TYPE = YES_ERROR;
				GCC_WARN_UNDECLARED_SELECTOR = YES;
				GCC_WARN_UNINITIALIZED_AUTOS = YES_AGGRESSIVE;
				GCC_WARN_UNUSED_FUNCTION = YES;
				GCC_WARN_UNUSED_VARIABLE = YES;
				IPHONEOS_DEPLOYMENT_TARGET = 11.0;
				MTL_ENABLE_DEBUG_INFO = NO;
				SDKROOT = iphoneos;
				SWIFT_OPTIMIZATION_LEVEL = "-Owholemodule";
				VALIDATE_PRODUCT = YES;
			};
			name = Release;
		};
		8E8C8D271F69ADB700B1CFA1 /* Debug */ = {
			isa = XCBuildConfiguration;
			buildSettings = {
				ASSETCATALOG_COMPILER_APPICON_NAME = AppIcon;
				CODE_SIGN_STYLE = Automatic;
				DEVELOPMENT_TEAM = G99WQY2ZW3;
				INFOPLIST_FILE = ARTest/Info.plist;
				LD_RUNPATH_SEARCH_PATHS = "$(inherited) @executable_path/Frameworks";
				PRODUCT_BUNDLE_IDENTIFIER = com.legalgeekery.ARTest;
				PRODUCT_NAME = "$(TARGET_NAME)";
				SWIFT_VERSION = 4.0;
				TARGETED_DEVICE_FAMILY = "1,2";
			};
			name = Debug;
		};
		8E8C8D281F69ADB700B1CFA1 /* Release */ = {
			isa = XCBuildConfiguration;
			buildSettings = {
				ASSETCATALOG_COMPILER_APPICON_NAME = AppIcon;
				CODE_SIGN_STYLE = Automatic;
				DEVELOPMENT_TEAM = G99WQY2ZW3;
				INFOPLIST_FILE = ARTest/Info.plist;
				LD_RUNPATH_SEARCH_PATHS = "$(inherited) @executable_path/Frameworks";
				PRODUCT_BUNDLE_IDENTIFIER = com.legalgeekery.ARTest;
				PRODUCT_NAME = "$(TARGET_NAME)";
				SWIFT_VERSION = 4.0;
				TARGETED_DEVICE_FAMILY = "1,2";
			};
			name = Release;
		};
/* End XCBuildConfiguration section */

/* Begin XCConfigurationList section */
		8E8C8D0D1F69ADB700B1CFA1 /* Build configuration list for PBXProject "ARTest" */ = {
			isa = XCConfigurationList;
			buildConfigurations = (
				8E8C8D241F69ADB700B1CFA1 /* Debug */,
				8E8C8D251F69ADB700B1CFA1 /* Release */,
			);
			defaultConfigurationIsVisible = 0;
			defaultConfigurationName = Release;
		};
		8E8C8D261F69ADB700B1CFA1 /* Build configuration list for PBXNativeTarget "ARTest" */ = {
			isa = XCConfigurationList;
			buildConfigurations = (
				8E8C8D271F69ADB700B1CFA1 /* Debug */,
				8E8C8D281F69ADB700B1CFA1 /* Release */,
			);
			defaultConfigurationIsVisible = 0;
			defaultConfigurationName = Release;
		};
/* End XCConfigurationList section */
	};
	rootObject = 8E8C8D0A1F69ADB700B1CFA1 /* Project object */;
}
